# This file is automatically generated.
# It is not intended for manual editing.
version = 1

[[packages]]
name = "wasi:cli"
registry = "wasi.dev"

[[packages.versions]]
requirement = "=0.2.11"
version = "0.2.11"
digest = "sha256:3f770258f9f7ec42433c5e72a99433888c4812ad1f3e5f8b57946f706ab523ad"

[[packages]]
name = "wasi:clocks"
registry = "wasi.dev"

[[packages.versions]]
requirement = "=0.2.11"
version = "0.2.11"
digest = "sha256:cdc4240256624e7097c6edab5ff5d615b9b49f30c834cf089598688216859ad8"

[[packages]]
name = "wasi:filesystem"
registry = "wasi.dev"

[[packages.versions]]
requirement = "=0.2.11"
version = "0.2.11"
digest = "sha256:f4d7836eb4070385c4104ef5da1ca044d2d39339da2ec463e73685a76049ce74"

[[packages]]
name = "wasi:http"
registry = "wasi.dev"

[[packages.versions]]
requirement = "=0.2.11"
version = "0.2.11"
digest = "sha256:e9accb3355280d1cd848bc7023206437db5e7012436e0e1608f88293313d361f"

[[packages]]
name = "wasi:io"
registry = "wasi.dev"

[[packages.versions]]
requirement = "=0.2.11"
version = "0.2.11"
digest = "sha256:15ce2f7abfb523719361293475b6d9969c4d5fe382d109ae171229e562ae5c6d"

[[packages]]
name = "wasi:random"
registry = "wasi.dev"

[[packages.versions]]
requirement = "=0.2.11"
version = "0.2.11"
digest = "sha256:8f84dc1433ac75d5f152847619bffc6a8cc89b4f1ae94750532d914f12110530"

[[packages]]
name = "wasi:sockets"
registry = "wasi.dev"

[[packages.versions]]
requirement = "=0.2.11"
version = "0.2.11"
digest = "sha256:8b4725397cbfb47abd5c07733f2d396bf3862094c0f710c04998522814f5ce95"
